
Microsoft Visual Studio Solution File, Format Version 12.00
# Visual Studio Version 16
VisualStudioVersion = 16.0.29613.14
MinimumVisualStudioVersion = 10.0.40219.1
Project("{9A19103F-16F7-4668-BE54-9A1E7A4F7556}") = "DFrame", "src\DFrame\DFrame.csproj", "{542C0EB5-A964-4172-9B0B-1206EF6500CD}"
EndProject
Project("{2150E333-8FDC-42A3-9474-1A3956D46DE8}") = "sandbox", "sandbox", "{DDD04377-167A-4FDC-90D5-01EDCB7BA465}"
EndProject
Project("{9A19103F-16F7-4668-BE54-9A1E7A4F7556}") = "ConsoleApp", "sandbox\ConsoleApp\ConsoleApp.csproj", "{5B0EE039-3B09-4480-8880-67C9D76FF907}"
EndProject
Project("{9A19103F-16F7-4668-BE54-9A1E7A4F7556}") = "DFrame.OutOfProcess", "src\DFrame.OutOfProcess\DFrame.OutOfProcess.csproj", "{8EA34049-3F67-4F3B-8339-4095AECB8B4E}"
EndProject
Project("{9A19103F-16F7-4668-BE54-9A1E7A4F7556}") = "DFrame.Kubernetes", "src\DFrame.Kubernetes\DFrame.Kubernetes.csproj", "{C5908829-BE99-4CF6-9D89-13856AA15667}"
EndProject
Project("{9A19103F-16F7-4668-BE54-9A1E7A4F7556}") = "DFrame.LoadTesting", "src\DFrame.LoadTesting\DFrame.LoadTesting.csproj", "{EAF4563C-C542-4E77-A870-8230CFED330C}"
EndProject
Project("{9A19103F-16F7-4668-BE54-9A1E7A4F7556}") = "ConsoleAppK8s", "sandbox\ConsoleAppK8s\ConsoleAppK8s.csproj", "{9D93D2E2-DCB5-4B3A-8B61-F4239C3C3826}"
EndProject
Project("{9A19103F-16F7-4668-BE54-9A1E7A4F7556}") = "EchoServer", "sandbox\EchoServer\EchoServer.csproj", "{4CA38B17-E34B-4221-8C91-A57EA8241E11}"
EndProject
Project("{9A19103F-16F7-4668-BE54-9A1E7A4F7556}") = "EchoMagicOnion", "sandbox\EchoMagicOnion\EchoMagicOnion.csproj", "{C137AB26-7750-48C2-A9F0-C1CC0F759DEC}"
EndProject
Project("{9A19103F-16F7-4668-BE54-9A1E7A4F7556}") = "EchoMagicOnion.Shared", "sandbox\EchoMagicOnion.Shared\EchoMagicOnion.Shared.csproj", "{660ABC85-7353-4D33-BF38-86801E513E6B}"
EndProject
Project("{9A19103F-16F7-4668-BE54-9A1E7A4F7556}") = "DFrame.ComponentLibrary", "src\DFrame.ComponentLibrary\DFrame.ComponentLibrary.csproj", "{999FC8EC-C14B-424C-A041-B9D742481CA1}"
EndProject
Project("{9A19103F-16F7-4668-BE54-9A1E7A4F7556}") = "DFrame.Hosting", "src\DFrame.Hosting\DFrame.Hosting.csproj", "{5425425B-291B-45F3-86CB-190E4355D24D}"
EndProject
Project("{9A19103F-16F7-4668-BE54-9A1E7A4F7556}") = "WebApp", "sandbox\WebApp\WebApp.csproj", "{C3431BDA-9904-43AD-9F1B-386E75BD291D}"
EndProject
Project("{9A19103F-16F7-4668-BE54-9A1E7A4F7556}") = "DFrame.Profiler", "src\DFrame.Profiler\DFrame.Profiler.csproj", "{227F5FAF-0135-4774-8BCA-490CE11702F1}"
EndProject
Project("{2150E333-8FDC-42A3-9474-1A3956D46DE8}") = "tests", "tests", "{4BC5A82E-0433-4F47-A273-A95DB89689D7}"
EndProject
Project("{9A19103F-16F7-4668-BE54-9A1E7A4F7556}") = "DFrame.Tests", "tests\DFrame.Tests\DFrame.Tests.csproj", "{7B8431BB-DDB1-4ACA-825D-5B4741A48480}"
EndProject
Project("{9A19103F-16F7-4668-BE54-9A1E7A4F7556}") = "DFrame.Ecs", "src\DFrame.Ecs\DFrame.Ecs.csproj", "{B6DA278D-BFB6-493E-A9DA-44C96113EA70}"
EndProject
Project("{9A19103F-16F7-4668-BE54-9A1E7A4F7556}") = "ConsoleAppEcs", "sandbox\ConsoleAppEcs\ConsoleAppEcs.csproj", "{140CC1E5-C5F0-4B5E-A729-8291F49101AE}"
EndProject
Global
	GlobalSection(SolutionConfigurationPlatforms) = preSolution
		Debug|Any CPU = Debug|Any CPU
		Release|Any CPU = Release|Any CPU
	EndGlobalSection
	GlobalSection(ProjectConfigurationPlatforms) = postSolution
		{542C0EB5-A964-4172-9B0B-1206EF6500CD}.Debug|Any CPU.ActiveCfg = Debug|Any CPU
		{542C0EB5-A964-4172-9B0B-1206EF6500CD}.Debug|Any CPU.Build.0 = Debug|Any CPU
		{542C0EB5-A964-4172-9B0B-1206EF6500CD}.Release|Any CPU.ActiveCfg = Release|Any CPU
		{542C0EB5-A964-4172-9B0B-1206EF6500CD}.Release|Any CPU.Build.0 = Release|Any CPU
		{5B0EE039-3B09-4480-8880-67C9D76FF907}.Debug|Any CPU.ActiveCfg = Debug|Any CPU
		{5B0EE039-3B09-4480-8880-67C9D76FF907}.Debug|Any CPU.Build.0 = Debug|Any CPU
		{5B0EE039-3B09-4480-8880-67C9D76FF907}.Release|Any CPU.ActiveCfg = Release|Any CPU
		{5B0EE039-3B09-4480-8880-67C9D76FF907}.Release|Any CPU.Build.0 = Release|Any CPU
		{8EA34049-3F67-4F3B-8339-4095AECB8B4E}.Debug|Any CPU.ActiveCfg = Debug|Any CPU
		{8EA34049-3F67-4F3B-8339-4095AECB8B4E}.Debug|Any CPU.Build.0 = Debug|Any CPU
		{8EA34049-3F67-4F3B-8339-4095AECB8B4E}.Release|Any CPU.ActiveCfg = Release|Any CPU
		{8EA34049-3F67-4F3B-8339-4095AECB8B4E}.Release|Any CPU.Build.0 = Release|Any CPU
		{C5908829-BE99-4CF6-9D89-13856AA15667}.Debug|Any CPU.ActiveCfg = Debug|Any CPU
		{C5908829-BE99-4CF6-9D89-13856AA15667}.Debug|Any CPU.Build.0 = Debug|Any CPU
		{C5908829-BE99-4CF6-9D89-13856AA15667}.Release|Any CPU.ActiveCfg = Release|Any CPU
		{C5908829-BE99-4CF6-9D89-13856AA15667}.Release|Any CPU.Build.0 = Release|Any CPU
		{EAF4563C-C542-4E77-A870-8230CFED330C}.Debug|Any CPU.ActiveCfg = Debug|Any CPU
		{EAF4563C-C542-4E77-A870-8230CFED330C}.Debug|Any CPU.Build.0 = Debug|Any CPU
		{EAF4563C-C542-4E77-A870-8230CFED330C}.Release|Any CPU.ActiveCfg = Release|Any CPU
		{EAF4563C-C542-4E77-A870-8230CFED330C}.Release|Any CPU.Build.0 = Release|Any CPU
		{9D93D2E2-DCB5-4B3A-8B61-F4239C3C3826}.Debug|Any CPU.ActiveCfg = Debug|Any CPU
		{9D93D2E2-DCB5-4B3A-8B61-F4239C3C3826}.Debug|Any CPU.Build.0 = Debug|Any CPU
		{9D93D2E2-DCB5-4B3A-8B61-F4239C3C3826}.Release|Any CPU.ActiveCfg = Release|Any CPU
		{9D93D2E2-DCB5-4B3A-8B61-F4239C3C3826}.Release|Any CPU.Build.0 = Release|Any CPU
		{4CA38B17-E34B-4221-8C91-A57EA8241E11}.Debug|Any CPU.ActiveCfg = Debug|Any CPU
		{4CA38B17-E34B-4221-8C91-A57EA8241E11}.Debug|Any CPU.Build.0 = Debug|Any CPU
		{4CA38B17-E34B-4221-8C91-A57EA8241E11}.Release|Any CPU.ActiveCfg = Release|Any CPU
		{4CA38B17-E34B-4221-8C91-A57EA8241E11}.Release|Any CPU.Build.0 = Release|Any CPU
		{C137AB26-7750-48C2-A9F0-C1CC0F759DEC}.Debug|Any CPU.ActiveCfg = Debug|Any CPU
		{C137AB26-7750-48C2-A9F0-C1CC0F759DEC}.Debug|Any CPU.Build.0 = Debug|Any CPU
		{C137AB26-7750-48C2-A9F0-C1CC0F759DEC}.Release|Any CPU.ActiveCfg = Release|Any CPU
		{C137AB26-7750-48C2-A9F0-C1CC0F759DEC}.Release|Any CPU.Build.0 = Release|Any CPU
		{660ABC85-7353-4D33-BF38-86801E513E6B}.Debug|Any CPU.ActiveCfg = Debug|Any CPU
		{660ABC85-7353-4D33-BF38-86801E513E6B}.Debug|Any CPU.Build.0 = Debug|Any CPU
		{660ABC85-7353-4D33-BF38-86801E513E6B}.Release|Any CPU.ActiveCfg = Release|Any CPU
		{660ABC85-7353-4D33-BF38-86801E513E6B}.Release|Any CPU.Build.0 = Release|Any CPU
		{999FC8EC-C14B-424C-A041-B9D742481CA1}.Debug|Any CPU.ActiveCfg = Debug|Any CPU
		{999FC8EC-C14B-424C-A041-B9D742481CA1}.Debug|Any CPU.Build.0 = Debug|Any CPU
		{999FC8EC-C14B-424C-A041-B9D742481CA1}.Release|Any CPU.ActiveCfg = Release|Any CPU
		{999FC8EC-C14B-424C-A041-B9D742481CA1}.Release|Any CPU.Build.0 = Release|Any CPU
		{5425425B-291B-45F3-86CB-190E4355D24D}.Debug|Any CPU.ActiveCfg = Debug|Any CPU
		{5425425B-291B-45F3-86CB-190E4355D24D}.Debug|Any CPU.Build.0 = Debug|Any CPU
		{5425425B-291B-45F3-86CB-190E4355D24D}.Release|Any CPU.ActiveCfg = Release|Any CPU
		{5425425B-291B-45F3-86CB-190E4355D24D}.Release|Any CPU.Build.0 = Release|Any CPU
		{C3431BDA-9904-43AD-9F1B-386E75BD291D}.Debug|Any CPU.ActiveCfg = Debug|Any CPU
		{C3431BDA-9904-43AD-9F1B-386E75BD291D}.Debug|Any CPU.Build.0 = Debug|Any CPU
		{C3431BDA-9904-43AD-9F1B-386E75BD291D}.Release|Any CPU.ActiveCfg = Release|Any CPU
		{C3431BDA-9904-43AD-9F1B-386E75BD291D}.Release|Any CPU.Build.0 = Release|Any CPU
		{227F5FAF-0135-4774-8BCA-490CE11702F1}.Debug|Any CPU.ActiveCfg = Debug|Any CPU
		{227F5FAF-0135-4774-8BCA-490CE11702F1}.Debug|Any CPU.Build.0 = Debug|Any CPU
		{227F5FAF-0135-4774-8BCA-490CE11702F1}.Release|Any CPU.ActiveCfg = Release|Any CPU
		{227F5FAF-0135-4774-8BCA-490CE11702F1}.Release|Any CPU.Build.0 = Release|Any CPU
		{7B8431BB-DDB1-4ACA-825D-5B4741A48480}.Debug|Any CPU.ActiveCfg = Debug|Any CPU
		{7B8431BB-DDB1-4ACA-825D-5B4741A48480}.Debug|Any CPU.Build.0 = Debug|Any CPU
		{7B8431BB-DDB1-4ACA-825D-5B4741A48480}.Release|Any CPU.ActiveCfg = Release|Any CPU
		{7B8431BB-DDB1-4ACA-825D-5B4741A48480}.Release|Any CPU.Build.0 = Release|Any CPU
		{B6DA278D-BFB6-493E-A9DA-44C96113EA70}.Debug|Any CPU.ActiveCfg = Debug|Any CPU
		{B6DA278D-BFB6-493E-A9DA-44C96113EA70}.Debug|Any CPU.Build.0 = Debug|Any CPU
		{B6DA278D-BFB6-493E-A9DA-44C96113EA70}.Release|Any CPU.ActiveCfg = Release|Any CPU
		{B6DA278D-BFB6-493E-A9DA-44C96113EA70}.Release|Any CPU.Build.0 = Release|Any CPU
		{140CC1E5-C5F0-4B5E-A729-8291F49101AE}.Debug|Any CPU.ActiveCfg = Debug|Any CPU
		{140CC1E5-C5F0-4B5E-A729-8291F49101AE}.Debug|Any CPU.Build.0 = Debug|Any CPU
		{140CC1E5-C5F0-4B5E-A729-8291F49101AE}.Release|Any CPU.ActiveCfg = Release|Any CPU
		{140CC1E5-C5F0-4B5E-A729-8291F49101AE}.Release|Any CPU.Build.0 = Release|Any CPU
	EndGlobalSection
	GlobalSection(SolutionProperties) = preSolution
		HideSolutionNode = FALSE
	EndGlobalSection
	GlobalSection(NestedProjects) = preSolution
		{5B0EE039-3B09-4480-8880-67C9D76FF907} = {DDD04377-167A-4FDC-90D5-01EDCB7BA465}
		{9D93D2E2-DCB5-4B3A-8B61-F4239C3C3826} = {DDD04377-167A-4FDC-90D5-01EDCB7BA465}
		{4CA38B17-E34B-4221-8C91-A57EA8241E11} = {DDD04377-167A-4FDC-90D5-01EDCB7BA465}
		{C137AB26-7750-48C2-A9F0-C1CC0F759DEC} = {DDD04377-167A-4FDC-90D5-01EDCB7BA465}
		{660ABC85-7353-4D33-BF38-86801E513E6B} = {DDD04377-167A-4FDC-90D5-01EDCB7BA465}
		{C3431BDA-9904-43AD-9F1B-386E75BD291D} = {DDD04377-167A-4FDC-90D5-01EDCB7BA465}
		{7B8431BB-DDB1-4ACA-825D-5B4741A48480} = {4BC5A82E-0433-4F47-A273-A95DB89689D7}
		{140CC1E5-C5F0-4B5E-A729-8291F49101AE} = {DDD04377-167A-4FDC-90D5-01EDCB7BA465}
	EndGlobalSection
	GlobalSection(ExtensibilityGlobals) = postSolution
		SolutionGuid = {77245B01-4128-4759-BF61-CC223FAA2E01}
	EndGlobalSection
EndGlobal
