
Microsoft Visual Studio Solution File, Format Version 12.00
# Visual Studio Version 17
VisualStudioVersion = 17.0.32014.148
MinimumVisualStudioVersion = 10.0.40219.1
Project("{2150E333-8FDC-42A3-9474-1A3956D46DE8}") = "sandbox", "sandbox", "{DDD04377-167A-4FDC-90D5-01EDCB7BA465}"
EndProject
Project("{2150E333-8FDC-42A3-9474-1A3956D46DE8}") = "tests", "tests", "{4BC5A82E-0433-4F47-A273-A95DB89689D7}"
EndProject
Project("{9A19103F-16F7-4668-BE54-9A1E7A4F7556}") = "DFrame.Tests", "tests\DFrame.Tests\DFrame.Tests.csproj", "{7B8431BB-DDB1-4ACA-825D-5B4741A48480}"
EndProject
Project("{2150E333-8FDC-42A3-9474-1A3956D46DE8}") = "Solution Items", "Solution Items", "{15E00CDF-0E36-4FF1-A88B-E211066D8FDE}"
	ProjectSection(SolutionItems) = preProject
		Directory.Build.props = Directory.Build.props
		README.md = README.md
	EndProjectSection
EndProject
Project("{2150E333-8FDC-42A3-9474-1A3956D46DE8}") = "GitHub", "GitHub", "{7936D1DB-0FEB-4D5C-97BB-ADB105A98A81}"
	ProjectSection(SolutionItems) = preProject
		.github\workflows\build-debug.yml = .github\workflows\build-debug.yml
		.github\workflows\build-release.yml = .github\workflows\build-release.yml
		.github\workflows\toc.yml = .github\workflows\toc.yml
	EndProjectSection
EndProject
Project("{9A19103F-16F7-4668-BE54-9A1E7A4F7556}") = "DFrame.Controller", "src\DFrame.Controller\DFrame.Controller.csproj", "{924897EC-941D-4FA9-894B-571B4E4F56F5}"
EndProject
Project("{9A19103F-16F7-4668-BE54-9A1E7A4F7556}") = "ConsoleApp2", "sandbox\ConsoleApp2\ConsoleApp2.csproj", "{E74D802D-1FD9-458D-9870-EFED1FE1F38C}"
EndProject
Project("{9A19103F-16F7-4668-BE54-9A1E7A4F7556}") = "DFrame", "src\DFrame\DFrame.csproj", "{A4C29523-D8A0-4924-BE62-3C65F8CCA431}"
EndProject
Project("{9A19103F-16F7-4668-BE54-9A1E7A4F7556}") = "DFrame.Worker", "src\DFrame.Worker\DFrame.Worker.csproj", "{59AD93D4-9CE0-4914-AF28-3B4718CA9562}"
EndProject
Project("{9A19103F-16F7-4668-BE54-9A1E7A4F7556}") = "MinimalEcho", "sandbox\MinimalEcho\MinimalEcho.csproj", "{89348DF6-6BE6-4526-ADEA-48BD6AEED9FA}"
EndProject
Project("{9A19103F-16F7-4668-BE54-9A1E7A4F7556}") = "MinimalMagicOnion", "sandbox\MinimalMagicOnion\MinimalMagicOnion.csproj", "{5187A58D-FC0D-4D1C-AC64-1EE0A5882770}"
EndProject
Project("{9A19103F-16F7-4668-BE54-9A1E7A4F7556}") = "ConsoleController", "sandbox\ConsoleController\ConsoleController.csproj", "{6268F9D3-BF91-4CAB-BD66-D6CCA07FE278}"
EndProject
Global
	GlobalSection(SolutionConfigurationPlatforms) = preSolution
		Debug|Any CPU = Debug|Any CPU
		Release|Any CPU = Release|Any CPU
	EndGlobalSection
	GlobalSection(ProjectConfigurationPlatforms) = postSolution
		{7B8431BB-DDB1-4ACA-825D-5B4741A48480}.Debug|Any CPU.ActiveCfg = Debug|Any CPU
		{7B8431BB-DDB1-4ACA-825D-5B4741A48480}.Debug|Any CPU.Build.0 = Debug|Any CPU
		{7B8431BB-DDB1-4ACA-825D-5B4741A48480}.Release|Any CPU.ActiveCfg = Release|Any CPU
		{7B8431BB-DDB1-4ACA-825D-5B4741A48480}.Release|Any CPU.Build.0 = Release|Any CPU
		{924897EC-941D-4FA9-894B-571B4E4F56F5}.Debug|Any CPU.ActiveCfg = Debug|Any CPU
		{924897EC-941D-4FA9-894B-571B4E4F56F5}.Debug|Any CPU.Build.0 = Debug|Any CPU
		{924897EC-941D-4FA9-894B-571B4E4F56F5}.Release|Any CPU.ActiveCfg = Release|Any CPU
		{924897EC-941D-4FA9-894B-571B4E4F56F5}.Release|Any CPU.Build.0 = Release|Any CPU
		{E74D802D-1FD9-458D-9870-EFED1FE1F38C}.Debug|Any CPU.ActiveCfg = Debug|Any CPU
		{E74D802D-1FD9-458D-9870-EFED1FE1F38C}.Debug|Any CPU.Build.0 = Debug|Any CPU
		{E74D802D-1FD9-458D-9870-EFED1FE1F38C}.Release|Any CPU.ActiveCfg = Release|Any CPU
		{E74D802D-1FD9-458D-9870-EFED1FE1F38C}.Release|Any CPU.Build.0 = Release|Any CPU
		{A4C29523-D8A0-4924-BE62-3C65F8CCA431}.Debug|Any CPU.ActiveCfg = Debug|Any CPU
		{A4C29523-D8A0-4924-BE62-3C65F8CCA431}.Debug|Any CPU.Build.0 = Debug|Any CPU
		{A4C29523-D8A0-4924-BE62-3C65F8CCA431}.Release|Any CPU.ActiveCfg = Release|Any CPU
		{A4C29523-D8A0-4924-BE62-3C65F8CCA431}.Release|Any CPU.Build.0 = Release|Any CPU
		{59AD93D4-9CE0-4914-AF28-3B4718CA9562}.Debug|Any CPU.ActiveCfg = Debug|Any CPU
		{59AD93D4-9CE0-4914-AF28-3B4718CA9562}.Debug|Any CPU.Build.0 = Debug|Any CPU
		{59AD93D4-9CE0-4914-AF28-3B4718CA9562}.Release|Any CPU.ActiveCfg = Release|Any CPU
		{59AD93D4-9CE0-4914-AF28-3B4718CA9562}.Release|Any CPU.Build.0 = Release|Any CPU
		{89348DF6-6BE6-4526-ADEA-48BD6AEED9FA}.Debug|Any CPU.ActiveCfg = Debug|Any CPU
		{89348DF6-6BE6-4526-ADEA-48BD6AEED9FA}.Debug|Any CPU.Build.0 = Debug|Any CPU
		{89348DF6-6BE6-4526-ADEA-48BD6AEED9FA}.Release|Any CPU.ActiveCfg = Release|Any CPU
		{89348DF6-6BE6-4526-ADEA-48BD6AEED9FA}.Release|Any CPU.Build.0 = Release|Any CPU
		{5187A58D-FC0D-4D1C-AC64-1EE0A5882770}.Debug|Any CPU.ActiveCfg = Debug|Any CPU
		{5187A58D-FC0D-4D1C-AC64-1EE0A5882770}.Debug|Any CPU.Build.0 = Debug|Any CPU
		{5187A58D-FC0D-4D1C-AC64-1EE0A5882770}.Release|Any CPU.ActiveCfg = Release|Any CPU
		{5187A58D-FC0D-4D1C-AC64-1EE0A5882770}.Release|Any CPU.Build.0 = Release|Any CPU
		{6268F9D3-BF91-4CAB-BD66-D6CCA07FE278}.Debug|Any CPU.ActiveCfg = Debug|Any CPU
		{6268F9D3-BF91-4CAB-BD66-D6CCA07FE278}.Debug|Any CPU.Build.0 = Debug|Any CPU
		{6268F9D3-BF91-4CAB-BD66-D6CCA07FE278}.Release|Any CPU.ActiveCfg = Release|Any CPU
		{6268F9D3-BF91-4CAB-BD66-D6CCA07FE278}.Release|Any CPU.Build.0 = Release|Any CPU
	EndGlobalSection
	GlobalSection(SolutionProperties) = preSolution
		HideSolutionNode = FALSE
	EndGlobalSection
	GlobalSection(NestedProjects) = preSolution
		{7B8431BB-DDB1-4ACA-825D-5B4741A48480} = {4BC5A82E-0433-4F47-A273-A95DB89689D7}
		{7936D1DB-0FEB-4D5C-97BB-ADB105A98A81} = {15E00CDF-0E36-4FF1-A88B-E211066D8FDE}
		{E74D802D-1FD9-458D-9870-EFED1FE1F38C} = {DDD04377-167A-4FDC-90D5-01EDCB7BA465}
		{89348DF6-6BE6-4526-ADEA-48BD6AEED9FA} = {DDD04377-167A-4FDC-90D5-01EDCB7BA465}
		{5187A58D-FC0D-4D1C-AC64-1EE0A5882770} = {DDD04377-167A-4FDC-90D5-01EDCB7BA465}
		{6268F9D3-BF91-4CAB-BD66-D6CCA07FE278} = {DDD04377-167A-4FDC-90D5-01EDCB7BA465}
	EndGlobalSection
	GlobalSection(ExtensibilityGlobals) = postSolution
		SolutionGuid = {77245B01-4128-4759-BF61-CC223FAA2E01}
	EndGlobalSection
EndGlobal
