
Microsoft Visual Studio Solution File, Format Version 12.00
# Visual Studio Version 16
VisualStudioVersion = 16.0.31605.320
MinimumVisualStudioVersion = 10.0.40219.1
Project("{9A19103F-16F7-4668-BE54-9A1E7A4F7556}") = "CdkEcs", "CdkEcs\CdkEcs.csproj", "{601BB816-1496-4803-A0CB-1FA7B1ED2AC7}"
EndProject
Global
	GlobalSection(SolutionConfigurationPlatforms) = preSolution
		Debug|Any CPU = Debug|Any CPU
		Release|Any CPU = Release|Any CPU
	EndGlobalSection
	GlobalSection(ProjectConfigurationPlatforms) = postSolution
		{601BB816-1496-4803-A0CB-1FA7B1ED2AC7}.Debug|Any CPU.ActiveCfg = Debug|Any CPU
		{601BB816-1496-4803-A0CB-1FA7B1ED2AC7}.Debug|Any CPU.Build.0 = Debug|Any CPU
		{601BB816-1496-4803-A0CB-1FA7B1ED2AC7}.Release|Any CPU.ActiveCfg = Release|Any CPU
		{601BB816-1496-4803-A0CB-1FA7B1ED2AC7}.Release|Any CPU.Build.0 = Release|Any CPU
	EndGlobalSection
	GlobalSection(SolutionProperties) = preSolution
		HideSolutionNode = FALSE
	EndGlobalSection
	GlobalSection(ExtensibilityGlobals) = postSolution
		SolutionGuid = {D0066661-D48A-4079-8F85-36E88F7DD921}
	EndGlobalSection
EndGlobal
